
Microsoft Visual Studio Solution File, Format Version 12.00
# Visual Studio Version 17
VisualStudioVersion = 17.4.33122.133
MinimumVisualStudioVersion = 10.0.40219.1
Project("{9A19103F-16F7-4668-BE54-9A1E7A4F7556}") = "LINQ.Practice", "LINQ.Practice\LINQ.Practice.csproj", "{2BE9EF71-697F-4B94-8390-20B72E2FFF62}"
EndProject
Project("{FAE04EC0-301F-11D3-BF4B-00C04F79EFBC}") = "Data", "Data\Data.csproj", "{2F03461D-CDC9-4CA1-9795-EF2DADE569C2}"
EndProject
Global
	GlobalSection(SolutionConfigurationPlatforms) = preSolution
		Debug|Any CPU = Debug|Any CPU
		Release|Any CPU = Release|Any CPU
	EndGlobalSection
	GlobalSection(ProjectConfigurationPlatforms) = postSolution
		{2BE9EF71-697F-4B94-8390-20B72E2FFF62}.Debug|Any CPU.ActiveCfg = Debug|Any CPU
		{2BE9EF71-697F-4B94-8390-20B72E2FFF62}.Debug|Any CPU.Build.0 = Debug|Any CPU
		{2BE9EF71-697F-4B94-8390-20B72E2FFF62}.Release|Any CPU.ActiveCfg = Release|Any CPU
		{2BE9EF71-697F-4B94-8390-20B72E2FFF62}.Release|Any CPU.Build.0 = Release|Any CPU
		{2F03461D-CDC9-4CA1-9795-EF2DADE569C2}.Debug|Any CPU.ActiveCfg = Debug|Any CPU
		{2F03461D-CDC9-4CA1-9795-EF2DADE569C2}.Debug|Any CPU.Build.0 = Debug|Any CPU
		{2F03461D-CDC9-4CA1-9795-EF2DADE569C2}.Release|Any CPU.ActiveCfg = Release|Any CPU
		{2F03461D-CDC9-4CA1-9795-EF2DADE569C2}.Release|Any CPU.Build.0 = Release|Any CPU
	EndGlobalSection
	GlobalSection(SolutionProperties) = preSolution
		HideSolutionNode = FALSE
	EndGlobalSection
	GlobalSection(ExtensibilityGlobals) = postSolution
		SolutionGuid = {224C5FCE-9D62-4119-80C3-FC1FF9577BD0}
	EndGlobalSection
EndGlobal
